
Microsoft Visual Studio Solution File, Format Version 12.00
# Visual Studio Version 17
VisualStudioVersion = 17.11.35312.102
MinimumVisualStudioVersion = 10.0.40219.1
Project("{FAE04EC0-301F-11D3-BF4B-00C04F79EFBC}") = "Bai100", "Bai100\Bai100.csproj", "{B8622D1F-ADDD-4CE9-A489-EC34BAF152C6}"
EndProject
Global
	GlobalSection(SolutionConfigurationPlatforms) = preSolution
		Debug|Any CPU = Debug|Any CPU
		Release|Any CPU = Release|Any CPU
	EndGlobalSection
	GlobalSection(ProjectConfigurationPlatforms) = postSolution
		{B8622D1F-ADDD-4CE9-A489-EC34BAF152C6}.Debug|Any CPU.ActiveCfg = Debug|Any CPU
		{B8622D1F-ADDD-4CE9-A489-EC34BAF152C6}.Debug|Any CPU.Build.0 = Debug|Any CPU
		{B8622D1F-ADDD-4CE9-A489-EC34BAF152C6}.Release|Any CPU.ActiveCfg = Release|Any CPU
		{B8622D1F-ADDD-4CE9-A489-EC34BAF152C6}.Release|Any CPU.Build.0 = Release|Any CPU
	EndGlobalSection
	GlobalSection(SolutionProperties) = preSolution
		HideSolutionNode = FALSE
	EndGlobalSection
	GlobalSection(ExtensibilityGlobals) = postSolution
		SolutionGuid = {82ED1B20-9501-455A-B008-C752DF9D0432}
	EndGlobalSection
EndGlobal
