
Microsoft Visual Studio Solution File, Format Version 12.00
# Visual Studio Version 17
VisualStudioVersion = 17.11.35312.102
MinimumVisualStudioVersion = 10.0.40219.1
Project("{FAE04EC0-301F-11D3-BF4B-00C04F79EFBC}") = "Bai56", "Bai56\Bai56.csproj", "{909385B1-2B47-4C6E-918C-A16C95191650}"
EndProject
Global
	GlobalSection(SolutionConfigurationPlatforms) = preSolution
		Debug|Any CPU = Debug|Any CPU
		Release|Any CPU = Release|Any CPU
	EndGlobalSection
	GlobalSection(ProjectConfigurationPlatforms) = postSolution
		{909385B1-2B47-4C6E-918C-A16C95191650}.Debug|Any CPU.ActiveCfg = Debug|Any CPU
		{909385B1-2B47-4C6E-918C-A16C95191650}.Debug|Any CPU.Build.0 = Debug|Any CPU
		{909385B1-2B47-4C6E-918C-A16C95191650}.Release|Any CPU.ActiveCfg = Release|Any CPU
		{909385B1-2B47-4C6E-918C-A16C95191650}.Release|Any CPU.Build.0 = Release|Any CPU
	EndGlobalSection
	GlobalSection(SolutionProperties) = preSolution
		HideSolutionNode = FALSE
	EndGlobalSection
	GlobalSection(ExtensibilityGlobals) = postSolution
		SolutionGuid = {B629C981-F664-4A5A-A1D4-7B1C12CF8822}
	EndGlobalSection
EndGlobal
