
Microsoft Visual Studio Solution File, Format Version 12.00
# Visual Studio Version 17
VisualStudioVersion = 17.11.35312.102
MinimumVisualStudioVersion = 10.0.40219.1
Project("{FAE04EC0-301F-11D3-BF4B-00C04F79EFBC}") = "Bai89", "Bai89\Bai89.csproj", "{B1D84742-88FD-448A-BA99-ABB3A8FF0B43}"
EndProject
Global
	GlobalSection(SolutionConfigurationPlatforms) = preSolution
		Debug|Any CPU = Debug|Any CPU
		Release|Any CPU = Release|Any CPU
	EndGlobalSection
	GlobalSection(ProjectConfigurationPlatforms) = postSolution
		{B1D84742-88FD-448A-BA99-ABB3A8FF0B43}.Debug|Any CPU.ActiveCfg = Debug|Any CPU
		{B1D84742-88FD-448A-BA99-ABB3A8FF0B43}.Debug|Any CPU.Build.0 = Debug|Any CPU
		{B1D84742-88FD-448A-BA99-ABB3A8FF0B43}.Release|Any CPU.ActiveCfg = Release|Any CPU
		{B1D84742-88FD-448A-BA99-ABB3A8FF0B43}.Release|Any CPU.Build.0 = Release|Any CPU
	EndGlobalSection
	GlobalSection(SolutionProperties) = preSolution
		HideSolutionNode = FALSE
	EndGlobalSection
	GlobalSection(ExtensibilityGlobals) = postSolution
		SolutionGuid = {7FBD75C1-4B87-408C-B769-B410885FE972}
	EndGlobalSection
EndGlobal
